
Microsoft Visual Studio Solution File, Format Version 12.00
Project("{FAE04EC0-301F-11D3-BF4B-00C04F79EFBC}") = "Form1", "Form1\Form1.csproj", "{6E30BD35-FBC5-45DA-AB38-9437B9EED663}"
EndProject
Project("{2150E333-8FDC-42A3-9474-1A3956D46DE8}") = "Lab1", "Lab1", "{3BE6FA86-4211-42A3-8A25-04619BBC4A06}"
EndProject
Project("{2150E333-8FDC-42A3-9474-1A3956D46DE8}") = "Lab3", "Lab3", "{1304839D-A7D3-44D0-8609-C8FE41DED562}"
EndProject
Project("{FAE04EC0-301F-11D3-BF4B-00C04F79EFBC}") = "Form3", "Form3\Form3.csproj", "{DA5D90D9-7821-4256-A5DA-E4A8F33C9E4C}"
EndProject
Project("{2150E333-8FDC-42A3-9474-1A3956D46DE8}") = "Lab2", "Lab2", "{8765C53B-A6D0-4B46-81B7-B65120CFAF95}"
EndProject
Project("{FAE04EC0-301F-11D3-BF4B-00C04F79EFBC}") = "Form2", "Form2\Form2.csproj", "{5CE96077-059D-4E06-B3DA-24592016FB9E}"
EndProject
Global
	GlobalSection(SolutionConfigurationPlatforms) = preSolution
		Debug|Any CPU = Debug|Any CPU
		Release|Any CPU = Release|Any CPU
	EndGlobalSection
	GlobalSection(ProjectConfigurationPlatforms) = postSolution
		{6E30BD35-FBC5-45DA-AB38-9437B9EED663}.Debug|Any CPU.ActiveCfg = Debug|Any CPU
		{6E30BD35-FBC5-45DA-AB38-9437B9EED663}.Debug|Any CPU.Build.0 = Debug|Any CPU
		{6E30BD35-FBC5-45DA-AB38-9437B9EED663}.Release|Any CPU.ActiveCfg = Release|Any CPU
		{6E30BD35-FBC5-45DA-AB38-9437B9EED663}.Release|Any CPU.Build.0 = Release|Any CPU
		{DA5D90D9-7821-4256-A5DA-E4A8F33C9E4C}.Debug|Any CPU.ActiveCfg = Debug|Any CPU
		{DA5D90D9-7821-4256-A5DA-E4A8F33C9E4C}.Debug|Any CPU.Build.0 = Debug|Any CPU
		{DA5D90D9-7821-4256-A5DA-E4A8F33C9E4C}.Release|Any CPU.ActiveCfg = Release|Any CPU
		{DA5D90D9-7821-4256-A5DA-E4A8F33C9E4C}.Release|Any CPU.Build.0 = Release|Any CPU
		{5CE96077-059D-4E06-B3DA-24592016FB9E}.Debug|Any CPU.ActiveCfg = Debug|Any CPU
		{5CE96077-059D-4E06-B3DA-24592016FB9E}.Debug|Any CPU.Build.0 = Debug|Any CPU
		{5CE96077-059D-4E06-B3DA-24592016FB9E}.Release|Any CPU.ActiveCfg = Release|Any CPU
		{5CE96077-059D-4E06-B3DA-24592016FB9E}.Release|Any CPU.Build.0 = Release|Any CPU
	EndGlobalSection
	GlobalSection(NestedProjects) = preSolution
		{6E30BD35-FBC5-45DA-AB38-9437B9EED663} = {3BE6FA86-4211-42A3-8A25-04619BBC4A06}
		{DA5D90D9-7821-4256-A5DA-E4A8F33C9E4C} = {1304839D-A7D3-44D0-8609-C8FE41DED562}
		{5CE96077-059D-4E06-B3DA-24592016FB9E} = {8765C53B-A6D0-4B46-81B7-B65120CFAF95}
	EndGlobalSection
EndGlobal
